
Microsoft Visual Studio Solution File, Format Version 12.00
# Visual Studio Version 16
VisualStudioVersion = 25.0.1700.0
MinimumVisualStudioVersion = 10.0.40219.1
Project("{FAE04EC0-301F-11D3-BF4B-00C04F79EFBC}") = "DiceRoller", "DiceRoller\DiceRoller.csproj", "{BE7583CD-2D06-43A0-80D4-B4B1AB77DE2F}"
EndProject
Global
	GlobalSection(SolutionConfigurationPlatforms) = preSolution
		Debug|Any CPU = Debug|Any CPU
		Release|Any CPU = Release|Any CPU
	EndGlobalSection
	GlobalSection(ProjectConfigurationPlatforms) = postSolution
		{BE7583CD-2D06-43A0-80D4-B4B1AB77DE2F}.Debug|Any CPU.ActiveCfg = Debug|Any CPU
		{BE7583CD-2D06-43A0-80D4-B4B1AB77DE2F}.Debug|Any CPU.Build.0 = Debug|Any CPU
		{BE7583CD-2D06-43A0-80D4-B4B1AB77DE2F}.Release|Any CPU.ActiveCfg = Release|Any CPU
		{BE7583CD-2D06-43A0-80D4-B4B1AB77DE2F}.Release|Any CPU.Build.0 = Release|Any CPU
	EndGlobalSection
	GlobalSection(SolutionProperties) = preSolution
		HideSolutionNode = FALSE
	EndGlobalSection
	GlobalSection(ExtensibilityGlobals) = postSolution
		SolutionGuid = {58764E01-04BC-43F9-920B-4477B93B8719}
	EndGlobalSection
EndGlobal
